
Microsoft Visual Studio Solution File, Format Version 12.00
# Visual Studio Version 16
VisualStudioVersion = 16.0.31515.178
MinimumVisualStudioVersion = 10.0.40219.1
Project("{9A19103F-16F7-4668-BE54-9A1E7A4F7556}") = "01_Singly_Linked_List", "01_Singly_Linked_List\01_Singly_Linked_List.csproj", "{F049775A-3298-42A3-AFFD-87F2D6D3B92A}"
EndProject
Project("{9A19103F-16F7-4668-BE54-9A1E7A4F7556}") = "02_Circular_Linked_List", "02_Circular_Linked_List\02_Circular_Linked_List.csproj", "{031A1908-CA18-432A-8A30-1DBF5546EE98}"
EndProject
Project("{9A19103F-16F7-4668-BE54-9A1E7A4F7556}") = "03_Doubly_Linked_List", "03_Doubly_Linked_List\03_Doubly_Linked_List.csproj", "{0A899B03-920C-45BB-8436-70C3351B515C}"
EndProject
Project("{FAE04EC0-301F-11D3-BF4B-00C04F79EFBC}") = "011_Singly_Linked_List_Advanced", "011_Singly_Linked_List_Advanced\011_Singly_Linked_List_Advanced.csproj", "{DCBC6D4E-113A-49C3-87FB-D8289C288FDE}"
EndProject
Project("{FAE04EC0-301F-11D3-BF4B-00C04F79EFBC}") = "022_Circular_Linked_List_Advanced", "022_Circular_Linked_List_Advanced\022_Circular_Linked_List_Advanced.csproj", "{1E98F408-246F-4B1A-9EA1-5A9D34C4E012}"
EndProject
Global
	GlobalSection(SolutionConfigurationPlatforms) = preSolution
		Debug|Any CPU = Debug|Any CPU
		Release|Any CPU = Release|Any CPU
	EndGlobalSection
	GlobalSection(ProjectConfigurationPlatforms) = postSolution
		{F049775A-3298-42A3-AFFD-87F2D6D3B92A}.Debug|Any CPU.ActiveCfg = Debug|Any CPU
		{F049775A-3298-42A3-AFFD-87F2D6D3B92A}.Debug|Any CPU.Build.0 = Debug|Any CPU
		{F049775A-3298-42A3-AFFD-87F2D6D3B92A}.Release|Any CPU.ActiveCfg = Release|Any CPU
		{F049775A-3298-42A3-AFFD-87F2D6D3B92A}.Release|Any CPU.Build.0 = Release|Any CPU
		{031A1908-CA18-432A-8A30-1DBF5546EE98}.Debug|Any CPU.ActiveCfg = Debug|Any CPU
		{031A1908-CA18-432A-8A30-1DBF5546EE98}.Debug|Any CPU.Build.0 = Debug|Any CPU
		{031A1908-CA18-432A-8A30-1DBF5546EE98}.Release|Any CPU.ActiveCfg = Release|Any CPU
		{031A1908-CA18-432A-8A30-1DBF5546EE98}.Release|Any CPU.Build.0 = Release|Any CPU
		{0A899B03-920C-45BB-8436-70C3351B515C}.Debug|Any CPU.ActiveCfg = Debug|Any CPU
		{0A899B03-920C-45BB-8436-70C3351B515C}.Debug|Any CPU.Build.0 = Debug|Any CPU
		{0A899B03-920C-45BB-8436-70C3351B515C}.Release|Any CPU.ActiveCfg = Release|Any CPU
		{0A899B03-920C-45BB-8436-70C3351B515C}.Release|Any CPU.Build.0 = Release|Any CPU
		{DCBC6D4E-113A-49C3-87FB-D8289C288FDE}.Debug|Any CPU.ActiveCfg = Debug|Any CPU
		{DCBC6D4E-113A-49C3-87FB-D8289C288FDE}.Debug|Any CPU.Build.0 = Debug|Any CPU
		{DCBC6D4E-113A-49C3-87FB-D8289C288FDE}.Release|Any CPU.ActiveCfg = Release|Any CPU
		{DCBC6D4E-113A-49C3-87FB-D8289C288FDE}.Release|Any CPU.Build.0 = Release|Any CPU
		{1E98F408-246F-4B1A-9EA1-5A9D34C4E012}.Debug|Any CPU.ActiveCfg = Debug|Any CPU
		{1E98F408-246F-4B1A-9EA1-5A9D34C4E012}.Debug|Any CPU.Build.0 = Debug|Any CPU
		{1E98F408-246F-4B1A-9EA1-5A9D34C4E012}.Release|Any CPU.ActiveCfg = Release|Any CPU
		{1E98F408-246F-4B1A-9EA1-5A9D34C4E012}.Release|Any CPU.Build.0 = Release|Any CPU
	EndGlobalSection
	GlobalSection(SolutionProperties) = preSolution
		HideSolutionNode = FALSE
	EndGlobalSection
	GlobalSection(ExtensibilityGlobals) = postSolution
		SolutionGuid = {621E638A-5CDB-44D1-96CB-AE2295DE6354}
	EndGlobalSection
EndGlobal
